
Microsoft Visual Studio Solution File, Format Version 12.00
# Visual Studio Version 16
VisualStudioVersion = 16.0.29009.5
MinimumVisualStudioVersion = 10.0.40219.1
Project("{FAE04EC0-301F-11D3-BF4B-00C04F79EFBC}") = "kavezo_rendszer", "kavezo_rendszer\kavezo_rendszer.csproj", "{D681A843-E628-48FD-BF95-78AC1C475771}"
EndProject
Global
	GlobalSection(SolutionConfigurationPlatforms) = preSolution
		Debug|Any CPU = Debug|Any CPU
		Release|Any CPU = Release|Any CPU
	EndGlobalSection
	GlobalSection(ProjectConfigurationPlatforms) = postSolution
		{D681A843-E628-48FD-BF95-78AC1C475771}.Debug|Any CPU.ActiveCfg = Debug|Any CPU
		{D681A843-E628-48FD-BF95-78AC1C475771}.Debug|Any CPU.Build.0 = Debug|Any CPU
		{D681A843-E628-48FD-BF95-78AC1C475771}.Release|Any CPU.ActiveCfg = Release|Any CPU
		{D681A843-E628-48FD-BF95-78AC1C475771}.Release|Any CPU.Build.0 = Release|Any CPU
	EndGlobalSection
	GlobalSection(SolutionProperties) = preSolution
		HideSolutionNode = FALSE
	EndGlobalSection
	GlobalSection(ExtensibilityGlobals) = postSolution
		SolutionGuid = {73B9010B-DCFF-465E-A2EA-A49FA1AE6CEC}
	EndGlobalSection
EndGlobal
